
Microsoft Visual Studio Solution File, Format Version 10.00
# Visual Studio 2008
# SharpDevelop 3.2.0.5505
Project("{982E8BC1-ACD7-4dbf-96AB-B2CE67D6A008}") = "HQ9Plus", "HQ9Plus\HQ9Plus.fsproj", "{31D65590-0A74-47F0-B1E7-CF998659B7E7}"
EndProject
Project("{982E8BC1-ACD7-4dbf-96AB-B2CE67D6A008}") = "Brainfuck", "Brainfuck\Brainfuck.fsproj", "{4C353753-E907-477E-9571-EF648131421A}"
EndProject
Project("{FAE04EC0-301F-11D3-BF4B-00C04F79EFBC}") = "Brainfuck.Test", "Brainfuck.Test\Brainfuck.Test.csproj", "{7890F414-D056-4416-AE09-270549611393}"
EndProject
Global
	GlobalSection(SolutionConfigurationPlatforms) = preSolution
		Debug|x86 = Debug|x86
		Release|x86 = Release|x86
	EndGlobalSection
	GlobalSection(ProjectConfigurationPlatforms) = postSolution
		{31D65590-0A74-47F0-B1E7-CF998659B7E7}.Debug|x86.Build.0 = Debug|x86
		{31D65590-0A74-47F0-B1E7-CF998659B7E7}.Debug|x86.ActiveCfg = Debug|x86
		{31D65590-0A74-47F0-B1E7-CF998659B7E7}.Release|x86.Build.0 = Release|x86
		{31D65590-0A74-47F0-B1E7-CF998659B7E7}.Release|x86.ActiveCfg = Release|x86
		{4C353753-E907-477E-9571-EF648131421A}.Debug|x86.Build.0 = Debug|x86
		{4C353753-E907-477E-9571-EF648131421A}.Debug|x86.ActiveCfg = Debug|x86
		{4C353753-E907-477E-9571-EF648131421A}.Release|x86.Build.0 = Release|x86
		{4C353753-E907-477E-9571-EF648131421A}.Release|x86.ActiveCfg = Release|x86
		{7890F414-D056-4416-AE09-270549611393}.Debug|x86.Build.0 = Debug|x86
		{7890F414-D056-4416-AE09-270549611393}.Debug|x86.ActiveCfg = Debug|x86
		{7890F414-D056-4416-AE09-270549611393}.Release|x86.Build.0 = Release|x86
		{7890F414-D056-4416-AE09-270549611393}.Release|x86.ActiveCfg = Release|x86
	EndGlobalSection
EndGlobal
